
Microsoft Visual Studio Solution File, Format Version 12.00
# Visual Studio Version 17
VisualStudioVersion = 17.7.34031.279
MinimumVisualStudioVersion = 10.0.40219.1
Project("{FAE04EC0-301F-11D3-BF4B-00C04F79EFBC}") = "asyncodemanager", "asyncodemanager\asyncodemanager.csproj", "{1D10D77F-A8F5-4771-9D1D-1FC200DD7CE2}"
EndProject
Project("{FAE04EC0-301F-11D3-BF4B-00C04F79EFBC}") = "asyncodeui", "asyncodeui\asyncodeui.csproj", "{147ED71A-49B7-47D4-97D4-B83418E318FC}"
EndProject
Global
	GlobalSection(SolutionConfigurationPlatforms) = preSolution
		Debug|Any CPU = Debug|Any CPU
		Release|Any CPU = Release|Any CPU
	EndGlobalSection
	GlobalSection(ProjectConfigurationPlatforms) = postSolution
		{1D10D77F-A8F5-4771-9D1D-1FC200DD7CE2}.Debug|Any CPU.ActiveCfg = Debug|Any CPU
		{1D10D77F-A8F5-4771-9D1D-1FC200DD7CE2}.Debug|Any CPU.Build.0 = Debug|Any CPU
		{1D10D77F-A8F5-4771-9D1D-1FC200DD7CE2}.Release|Any CPU.ActiveCfg = Release|Any CPU
		{1D10D77F-A8F5-4771-9D1D-1FC200DD7CE2}.Release|Any CPU.Build.0 = Release|Any CPU
		{147ED71A-49B7-47D4-97D4-B83418E318FC}.Debug|Any CPU.ActiveCfg = Debug|Any CPU
		{147ED71A-49B7-47D4-97D4-B83418E318FC}.Debug|Any CPU.Build.0 = Debug|Any CPU
		{147ED71A-49B7-47D4-97D4-B83418E318FC}.Release|Any CPU.ActiveCfg = Release|Any CPU
		{147ED71A-49B7-47D4-97D4-B83418E318FC}.Release|Any CPU.Build.0 = Release|Any CPU
	EndGlobalSection
	GlobalSection(SolutionProperties) = preSolution
		HideSolutionNode = FALSE
	EndGlobalSection
	GlobalSection(ExtensibilityGlobals) = postSolution
		SolutionGuid = {F6579A64-096F-42FB-B28C-DD06D861D66A}
	EndGlobalSection
EndGlobal
